Microsoft Visual Studio Solution File, Format Version 11.00
# Visual Studio 2008

Project("{D04E5A3D-6E17-B137-103A-72D6F616E8F1}") = "Campus Survival - Copy", "Assembly-CSharp.csproj", "{37775F83-1BDA-77CD-7718-E99E03456AC6}"
EndProject
Project("{D04E5A3D-6E17-B137-103A-72D6F616E8F1}") = "Campus Survival - Copy", "Assembly-UnityScript.unityproj", "{974EE911-E528-0341-4E21-013E23B52D46}"
EndProject
Global
	GlobalSection(SolutionConfigurationPlatforms) = preSolution
		Debug|Any CPU = Debug|Any CPU
		Release|Any CPU = Release|Any CPU
	EndGlobalSection
	GlobalSection(ProjectConfigurationPlatforms) = postSolution
		{37775F83-1BDA-77CD-7718-E99E03456AC6}.Debug|Any CPU.ActiveCfg = Debug|Any CPU
		{37775F83-1BDA-77CD-7718-E99E03456AC6}.Debug|Any CPU.Build.0 = Debug|Any CPU
		{37775F83-1BDA-77CD-7718-E99E03456AC6}.Release|Any CPU.ActiveCfg = Release|Any CPU
		{37775F83-1BDA-77CD-7718-E99E03456AC6}.Release|Any CPU.Build.0 = Release|Any CPU
		{974EE911-E528-0341-4E21-013E23B52D46}.Debug|Any CPU.ActiveCfg = Debug|Any CPU
		{974EE911-E528-0341-4E21-013E23B52D46}.Debug|Any CPU.Build.0 = Debug|Any CPU
		{974EE911-E528-0341-4E21-013E23B52D46}.Release|Any CPU.ActiveCfg = Release|Any CPU
		{974EE911-E528-0341-4E21-013E23B52D46}.Release|Any CPU.Build.0 = Release|Any CPU
	EndGlobalSection
	GlobalSection(SolutionProperties) = preSolution
		HideSolutionNode = FALSE
	EndGlobalSection
			GlobalSection(MonoDevelopProperties) = preSolution
		StartupItem = Assembly-CSharp.csproj
		Policies = $0
		$0.TextStylePolicy = $1
		$1.inheritsSet = null
		$1.scope = text/x-csharp
		$0.CSharpFormattingPolicy = $2
		$2.inheritsSet = Mono
		$2.inheritsScope = text/x-csharp
		$2.scope = text/x-csharp
		$0.TextStylePolicy = $3
		$3.FileWidth = 120
		$3.TabWidth = 4
		$3.EolMarker = Unix
		$3.inheritsSet = Mono
		$3.inheritsScope = text/plain
		$3.scope = text/plain
	EndGlobalSection

EndGlobal
